{
    "_meta": {
        "hash": {
            "sha256": "4d57b5561b29390b1e931bd4bf36dc0e139ebe282fbebe9585485c0e5e4d3943"
        },
        "pipfile-spec": 6,
        "requires": {
            "python_version": "3.6"
        },
        "sources": [
            {
                "name": "pypi",
                "url": "https://pypi.tuna.tsinghua.edu.cn/simple",
                "verify_ssl": true
            }
        ]
    },
    "default": {
        "appdirs": {
            "hashes": [
                "sha256:9e5896d1372858f8dd3344faf4e5014d21849c756c8d5701f78f8a103b372d92",
                "sha256:d8b24664561d0d34ddfaec54636d502d7cea6e29c3eaf68f3df6180863e2166e"
            ],
            "version": "==1.4.3"
        },
        "asn1crypto": {
            "hashes": [
                "sha256:cbbadd640d3165ab24b06ef25d1dca09a3441611ac15f6a6b452474fdf0aed1a",
                "sha256:d232509fefcfcdb9a331f37e9c9dc20441019ad927c7d2176cf18ed5da0ba097"
            ],
            "index": "pypi.tuna",
            "version": "==0.22.0"
        },
        "attrs": {
            "hashes": [
                "sha256:69c0dbf2ed392de1cb5ec704444b08a5ef81680a61cb899dc08127123af36a79",
                "sha256:f0b870f674851ecbfbbbd364d6b5cbdff9dcedbc7f3f5e18a6891057f21fe399"
            ],
            "index": "pypi.tuna",
            "version": "==19.1.0"
        },
        "automat": {
            "hashes": [
                "sha256:2140297df155f7990f6f4c73b2ab0583bd8150db9ed2a1b48122abe66e9908c1",
                "sha256:3c1fd04ecf08ac87b4dd3feae409542e9bf7827257097b2b6ed5692f69d6f6a8"
            ],
            "index": "pypi.tuna",
            "version": "==0.6.0"
        },
        "certifi": {
            "hashes": [
                "sha256:59b7658e26ca9c7339e00f8f4636cdfe59d34fa37b9b04f6f9e9926b3cece1a5",
                "sha256:b26104d6835d1f5e49452a26eb2ff87fe7090b89dfcaee5ea2212697e1e1d7ae"
            ],
            "version": "==2019.3.9"
        },
        "cffi": {
            "hashes": [
                "sha256:1426e67e855ef7f5030c9184f4f1a9f4bfa020c31c962cd41fd129ec5aef4a6a",
                "sha256:267dd2c66a5760c5f4d47e2ebcf8eeac7ef01e1ae6ae7a6d0d241a290068bc38",
                "sha256:285ab352552f52f1398c912556d4d36d4ea9b8450e5c65d03809bf9886755533",
                "sha256:446699c10f3c390633d0722bc19edbc7ac4b94761918a4a4f7908a24e86ebbd0",
                "sha256:4fc9c2ff7924b3a1fa326e1799e5dd58cac585d7fb25fe53ccaa1333b0453d65",
                "sha256:5576644b859197da7bbd8f8c7c2fb5dcc6cd505cadb42992d5f104c013f8a214",
                "sha256:562326fc7f55a59ef3fef5e82908fe938cdc4bbda32d734c424c7cd9ed73e93a",
                "sha256:587a5043df4b00a2130e09fed42da02a4ed3c688bd9bf07a3ac89d2271f4fb07",
                "sha256:5de52b081a2775e76b971de9d997d85c4457fc0a09079e12d66849548ae60981",
                "sha256:7248506981eeba23888b4140a69a53c4c0c0a386abcdca61ed8dd790a73e64b9",
                "sha256:7f732ad4a30db0b39400c3f7011249f7d0701007d511bf09604729aea222871f",
                "sha256:80796ea68e11624a0279d3b802f88a7fe7214122b97a15a6c97189934a2cc776",
                "sha256:937db39a1ec5af3003b16357b2042bba67c88d43bc11aaa203fa8a5924524209",
                "sha256:94fb8410c6c4fc48e7ea759d3d1d9ca561171a88d00faddd4aa0306f698ad6a0",
                "sha256:96e599b924ef009aa867f725b3249ee51d76489f484d3a45b4bd219c5ec6ed59",
                "sha256:98b89b2c57f97ce2db7aeba60db173c84871d73b40e41a11ea95de1500ddc57e",
                "sha256:9a31c18ba4881a116e448c52f3f5d3e14401cf7a9c43cc88f06f2a7f5428da0e",
                "sha256:9e389615bcecb8c782a87939d752340bb0a3a097e90bae54d7f0915bc12f45bd",
                "sha256:a41406f6d62abcdf3eef9fd998d8dcff04fd2a7746644143045feeebd76352d1",
                "sha256:a8955265d146e86fe2ce116394be4eaf0cb40314a79b19f11c4fa574cd639572",
                "sha256:ab22285797631df3b513b2cd3ecdc51cd8e3d36788e3991d93d0759d6883b027",
                "sha256:afa7d8b8d38ad40db8713ee053d41b36d87d6ae5ec5ad36f9210b548a18dc214",
                "sha256:b3b02911eb1f6ada203b0763ba924234629b51586f72a21faacc638269f4ced5",
                "sha256:b560916546b2f209d74b82bdbc3223cee9a165b0242fa00a06dfc48a2054864a",
                "sha256:b69b4557aae7de18b7c174a917fe19873529d927ac592762d9771661875bbd40",
                "sha256:bea842a0512be6a8007e585790bccd5d530520fc025ce63b03e139be373b0063",
                "sha256:c1d8b3d8dcb5c23ac1a8bf56422036f3f305a3c5a8bc8c354256579a1e2aa2c1",
                "sha256:c49187260043bd4c1d6a52186f9774f17d9b1da0a406798ebf4bfc12da166ade",
                "sha256:d09ff358f75a874f69fa7d1c2b4acecf4282a950293fcfcf89aa606da8a9a500",
                "sha256:e2b7e090188833bc58b2ae03fb864c22688654ebd2096bcf38bc860c4f38a3d8",
                "sha256:e553eb489511cacf19eda6e52bc9e151316f0d721724997dda2c4d3079b778db",
                "sha256:e7175287f7fe7b1cc203bb958b17db40abd732690c1e18e700f10e0843a58598",
                "sha256:e74896774e437f4715c57edeb5cf3d3a40d7727f541c2c12156617b5a15d1829",
                "sha256:e7d88fecb7b6250a1fd432e6dc64890342c372fce13dbfe4bb6f16348ad00c14",
                "sha256:ec08b88bef627ec1cea210e1608c85d3cf44893bcde74e41b7f7dbdfd2c1bad6",
                "sha256:f4019826a2dec066c909a1f483ef0dcf9325d6740cc0bd15308942b28b0930f7"
            ],
            "index": "pypi.tuna",
            "version": "==1.10.0"
        },
        "chardet": {
            "hashes": [
                "sha256:84ab92ed1c4d4f16916e05906b6b75a6c0fb5db821cc65e70cbd64a3e2a5eaae",
                "sha256:fc323ffcaeaed0e0a02bf4d117757b98aed530d9ed4531e3e15460124c106691"
            ],
            "version": "==3.0.4"
        },
        "constantly": {
            "hashes": [
                "sha256:586372eb92059873e29eba4f9dec8381541b4d3834660707faf8ba59146dfc35",
                "sha256:dd2fa9d6b1a51a83f0d7dd76293d734046aa176e384bf6e33b7e44880eb37c5d"
            ],
            "index": "pypi.tuna",
            "version": "==15.1.0"
        },
        "cryptography": {
            "hashes": [
                "sha256:02602e1672b62e803e08617ec286041cc453e8d43f093a5f4162095506bc0beb",
                "sha256:10b48e848e1edb93c1d3b797c83c72b4c387ab0eb4330aaa26da8049a6cbede0",
                "sha256:17db09db9d7c5de130023657be42689d1a5f60502a14f6f745f6f65a6b8195c0",
                "sha256:227da3a896df1106b1a69b1e319dce218fa04395e8cc78be7e31ca94c21254bc",
                "sha256:2cbaa03ac677db6c821dac3f4cdfd1461a32d0615847eedbb0df54bb7802e1f7",
                "sha256:31db8febfc768e4b4bd826750a70c79c99ea423f4697d1dab764eb9f9f849519",
                "sha256:4a510d268e55e2e067715d728e4ca6cd26a8e9f1f3d174faf88e6f2cb6b6c395",
                "sha256:6a88d9004310a198c474d8a822ee96a6dd6c01efe66facdf17cb692512ae5bc0",
                "sha256:76936ec70a9b72eb8c58314c38c55a0336a2b36de0c7ee8fb874a4547cadbd39",
                "sha256:7e3b4aecc4040928efa8a7cdaf074e868af32c58ffc9bb77e7bf2c1a16783286",
                "sha256:8168bcb08403ef144ff1fb880d416f49e2728101d02aaadfe9645883222c0aa5",
                "sha256:8229ceb79a1792823d87779959184a1bf95768e9248c93ae9f97c7a2f60376a1",
                "sha256:8a19e9f2fe69f6a44a5c156968d9fc8df56d09798d0c6a34ccc373bb186cee86",
                "sha256:8d10113ca826a4c29d5b85b2c4e045ffa8bad74fb525ee0eceb1d38d4c70dfd6",
                "sha256:be495b8ec5a939a7605274b6e59fbc35e76f5ad814ae010eb679529671c9e119",
                "sha256:dc2d3f3b1548f4d11786616cf0f4415e25b0fbecb8a1d2cd8c07568f13fdde38",
                "sha256:e4aecdd9d5a3d06c337894c9a6e2961898d3f64fe54ca920a72234a3de0f9cb3",
                "sha256:e79ab4485b99eacb2166f3212218dd858258f374855e1568f728462b0e6ee0d9",
                "sha256:f995d3667301e1754c57b04e0bae6f0fa9d710697a9f8d6712e8cca02550910f"
            ],
            "index": "pypi.tuna",
            "version": "==2.3.1"
        },
        "cssselect": {
            "hashes": [
                "sha256:4f5f799a1d3182b04814007e9e7fc6c362f4489c7420d6b348cc901ece07ced9",
                "sha256:73db1c054b9348409e2862fc6c0dde5c4e4fbe4da64c5c5a9e05fbea45744077"
            ],
            "index": "pypi.tuna",
            "version": "==1.0.1"
        },
        "demjson": {
            "hashes": [
                "sha256:31de2038a0fdd9c4c11f8bf3b13fe77bc2a128307f965c8d5fb4dc6d6f6beb79"
            ],
            "index": "pypi.tuna",
            "version": "==2.2.4"
        },
        "fake-useragent": {
            "hashes": [
                "sha256:c104998b750eb097eefc28ae28e92d66397598d2cf41a31aa45d5559ef1adf35"
            ],
            "version": "==0.1.11"
        },
        "hyperlink": {
            "hashes": [
                "sha256:99e432133190dc38cd37fc8ef4f550634e71cc328f18ccc0eef34800cfeadd34",
                "sha256:b81cf0578e9475bef36ee3c48cafb8f3f68c1b66df12c7c4da5ce125790dab27"
            ],
            "index": "pypi.tuna",
            "version": "==17.2.0"
        },
        "idna": {
            "hashes": [
                "sha256:3cb5ce08046c4e3a560fc02f138d0ac63e00f8ce5901a56b32ec8b7994082aab",
                "sha256:cc19709fd6d0cbfed39ea875d29ba6d4e22c0cebc510a76d6302a28385e8bb70"
            ],
            "index": "pypi.tuna",
            "version": "==2.5"
        },
        "incremental": {
            "hashes": [
                "sha256:717e12246dddf231a349175f48d74d93e2897244939173b01974ab6661406b9f",
                "sha256:7b751696aaf36eebfab537e458929e194460051ccad279c72b755a167eebd4b3"
            ],
            "index": "pypi.tuna",
            "version": "==17.5.0"
        },
        "jieba": {
            "hashes": [
                "sha256:de385e48582a4862e55a9167334d0fbe91d479026e5dac40e59e22c08b8e883e"
            ],
            "index": "pypi.tuna",
            "version": "==0.39"
        },
        "jinja2": {
            "hashes": [
                "sha256:065c4f02ebe7f7cf559e49ee5a95fb800a9e4528727aec6f24402a5374c65013",
                "sha256:14dd6caf1527abb21f08f86c784eac40853ba93edb79552aa1e4b8aef1b61c7b"
            ],
            "version": "==2.10.1"
        },
        "lxml": {
            "hashes": [
                "sha256:0da0a0711b8aa3161cf263ced74f736990952e44f1d0183c5248f16a1dc1f133",
                "sha256:13e5a6373168ffad39facbba98d35a8bdbc6248dbaa61c9c9470c39906c1b8f1",
                "sha256:13ec5a016e588b2e0ec2c46e0091b1b639b0eb6e428c108f0695f2bff1bafae8",
                "sha256:163aefc42424c5ce3a3f9a021d8362445142ab51d4b34face30c9db6c6054687",
                "sha256:1a55955329cc8a406458a7eb112c78290c9bc7e2311750ac1d70314a10246a15",
                "sha256:202a22be99423d269ff11dec7cdf23b6262b3da17854336d4741699c53ca7ea9",
                "sha256:2e779d9da6a3f4f8cd75bb31b5aef9bfdf5dcd415847c4eca8891847108861bc",
                "sha256:372de0c373710c3114b10b20580d880b2e0b71f045092278a63aa15412336a7f",
                "sha256:3ae6d795aaef0d724e533e0383fe8877e6a25f8b22b3d61dd06b53ce12186165",
                "sha256:420e91c29fb6c3f920a4d7b74864721f57cfc5ebe4bef980a2de268de3805f10",
                "sha256:50bd89e62f730614beb7ac85c78d948c470a1bfff4728ff67a178fda7e3c5192",
                "sha256:52c4bf8871a1e91958a0cb9ec30dbc268298efd0e59660ceebc8277d61b36be2",
                "sha256:54325c7eae22211c0a577b2ca4f10f47b4d352aaff468909209af543a57eb08e",
                "sha256:548ed7232a56b2ab7df3330de8a283bf937d4878dd4ddb57068849f06cb15a2c",
                "sha256:5c321ab3b310f0342f5369be7279fcfc0366eb8c8b47bd8fa31b1a3c063b6586",
                "sha256:5c4ad32804abf0d872776f44bf4e4a5181ed37b3de77a87f6d7b2a1d42620cbd",
                "sha256:5d5d46ff5465241e6100f0a023e8afcbd75119f598e94c444246bb7f4cbd23f6",
                "sha256:736f72be15caad8116891eb6aa4a078b590d231fdc63818c40c21624ac71db96",
                "sha256:79226dd2b9fbd63f1b8739b6823bd95b81d502043fd0b81ff8925d55b22f0154",
                "sha256:872c9f47d523489e3fa4a933610bc9fa5fa434a75d9d26dc01df4b433f2f8b98",
                "sha256:93081f9c87fa520447a191152c7d89cf687c5c8e6fef06493ba809e3196ca35e",
                "sha256:9374c9399c1d8479b2b93295abf5997ebaa6d9c5e21a3dc03d1c18b61247cfae",
                "sha256:9e32fb013ff5b7bd06b1899fe027d46d5b4b2e684ff9159146841bfaaa6b3866",
                "sha256:a61a7a4286d8fc450a32a148fced8d3ac71fa55afd922a4043e13cb86eb6d797",
                "sha256:b3d66246c9b41e495ca02a7c33f6ca415febd06e1e9e1cc5842592881c327987",
                "sha256:bd9f07e9aef9ff12f3a07d0a084001e983f4c32ea5b1143e1804762a58d22271",
                "sha256:d1cb088a961cf093b73c7b9460fa43a3afff385c1f1bc306fc3b8819819c2d24",
                "sha256:dda7051dad02da2f36be48d68ca500d31fcd8c8fce3986183d48b02637f2f985",
                "sha256:e54ca8cdd70079e7a3e2c061ef3703b2a43159462c1dbd17c11f3ea1fb3601e7",
                "sha256:e66a62e84cdea052a17a5e2a896cd79a9a53ec570681f3bc32d012863e02acb0",
                "sha256:ef4945f9c9e32e68669109e2b009becc71f3ca57b9de79b604b820ca8de2b85c"
            ],
            "index": "pypi.tuna",
            "version": "==3.8.0"
        },
        "markupsafe": {
            "hashes": [
                "sha256:00bc623926325b26bb9605ae9eae8a215691f33cae5df11ca5424f06f2d1f473",
                "sha256:09027a7803a62ca78792ad89403b1b7a73a01c8cb65909cd876f7fcebd79b161",
                "sha256:09c4b7f37d6c648cb13f9230d847adf22f8171b1ccc4d5682398e77f40309235",
                "sha256:1027c282dad077d0bae18be6794e6b6b8c91d58ed8a8d89a89d59693b9131db5",
                "sha256:24982cc2533820871eba85ba648cd53d8623687ff11cbb805be4ff7b4c971aff",
                "sha256:29872e92839765e546828bb7754a68c418d927cd064fd4708fab9fe9c8bb116b",
                "sha256:43a55c2930bbc139570ac2452adf3d70cdbb3cfe5912c71cdce1c2c6bbd9c5d1",
                "sha256:46c99d2de99945ec5cb54f23c8cd5689f6d7177305ebff350a58ce5f8de1669e",
                "sha256:500d4957e52ddc3351cabf489e79c91c17f6e0899158447047588650b5e69183",
                "sha256:535f6fc4d397c1563d08b88e485c3496cf5784e927af890fb3c3aac7f933ec66",
                "sha256:62fe6c95e3ec8a7fad637b7f3d372c15ec1caa01ab47926cfdf7a75b40e0eac1",
                "sha256:6dd73240d2af64df90aa7c4e7481e23825ea70af4b4922f8ede5b9e35f78a3b1",
                "sha256:717ba8fe3ae9cc0006d7c451f0bb265ee07739daf76355d06366154ee68d221e",
                "sha256:79855e1c5b8da654cf486b830bd42c06e8780cea587384cf6545b7d9ac013a0b",
                "sha256:7c1699dfe0cf8ff607dbdcc1e9b9af1755371f92a68f706051cc8c37d447c905",
                "sha256:88e5fcfb52ee7b911e8bb6d6aa2fd21fbecc674eadd44118a9cc3863f938e735",
                "sha256:8defac2f2ccd6805ebf65f5eeb132adcf2ab57aa11fdf4c0dd5169a004710e7d",
                "sha256:98c7086708b163d425c67c7a91bad6e466bb99d797aa64f965e9d25c12111a5e",
                "sha256:9add70b36c5666a2ed02b43b335fe19002ee5235efd4b8a89bfcf9005bebac0d",
                "sha256:9bf40443012702a1d2070043cb6291650a0841ece432556f784f004937f0f32c",
                "sha256:ade5e387d2ad0d7ebf59146cc00c8044acbd863725f887353a10df825fc8ae21",
                "sha256:b00c1de48212e4cc9603895652c5c410df699856a2853135b3967591e4beebc2",
                "sha256:b1282f8c00509d99fef04d8ba936b156d419be841854fe901d8ae224c59f0be5",
                "sha256:b2051432115498d3562c084a49bba65d97cf251f5a331c64a12ee7e04dacc51b",
                "sha256:ba59edeaa2fc6114428f1637ffff42da1e311e29382d81b339c1817d37ec93c6",
                "sha256:c8716a48d94b06bb3b2524c2b77e055fb313aeb4ea620c8dd03a105574ba704f",
                "sha256:cd5df75523866410809ca100dc9681e301e3c27567cf498077e8551b6d20e42f",
                "sha256:e249096428b3ae81b08327a63a485ad0878de3fb939049038579ac0ef61e17e7"
            ],
            "version": "==1.1.1"
        },
        "parsel": {
            "hashes": [
                "sha256:1c5a31cb3f0fdca3d19f2ef966d595df69181c2d81b6c56582732c819e2f4e26",
                "sha256:29eb4bd74e22e41138ea8ed96ce8e477b8116f97a13a991e39cb150fdde7eabd"
            ],
            "index": "pypi.tuna",
            "version": "==1.2.0"
        },
        "pillow": {
            "hashes": [
                "sha256:15c056bfa284c30a7f265a41ac4cbbc93bdbfc0dfe0613b9cb8a8581b51a9e55",
                "sha256:1a4e06ba4f74494ea0c58c24de2bb752818e9d504474ec95b0aa94f6b0a7e479",
                "sha256:1c3c707c76be43c9e99cb7e3d5f1bee1c8e5be8b8a2a5eeee665efbf8ddde91a",
                "sha256:1fd0b290203e3b0882d9605d807b03c0f47e3440f97824586c173eca0aadd99d",
                "sha256:24114e4a6e1870c5a24b1da8f60d0ba77a0b4027907860188ea82bd3508c80eb",
                "sha256:258d886a49b6b058cd7abb0ab4b2b85ce78669a857398e83e8b8e28b317b5abb",
                "sha256:33c79b6dd6bc7f65079ab9ca5bebffb5f5d1141c689c9c6a7855776d1b09b7e8",
                "sha256:367385fc797b2c31564c427430c7a8630db1a00bd040555dfc1d5c52e39fcd72",
                "sha256:3c1884ff078fb8bf5f63d7d86921838b82ed4a7d0c027add773c2f38b3168754",
                "sha256:44e5240e8f4f8861d748f2a58b3f04daadab5e22bfec896bf5434745f788f33f",
                "sha256:46aa988e15f3ea72dddd81afe3839437b755fffddb5e173886f11460be909dce",
                "sha256:74d90d499c9c736d52dd6d9b7221af5665b9c04f1767e35f5dd8694324bd4601",
                "sha256:809c0a2ce9032cbcd7b5313f71af4bdc5c8c771cb86eb7559afd954cab82ebb5",
                "sha256:85d1ef2cdafd5507c4221d201aaf62fc9276f8b0f71bd3933363e62a33abc734",
                "sha256:8c3889c7681af77ecfa4431cd42a2885d093ecb811e81fbe5e203abc07e0995b",
                "sha256:9218d81b9fca98d2c47d35d688a0cea0c42fd473159dfd5612dcb0483c63e40b",
                "sha256:9aa4f3827992288edd37c9df345783a69ef58bd20cc02e64b36e44bcd157bbf1",
                "sha256:9d80f44137a70b6f84c750d11019a3419f409c944526a95219bea0ac31f4dd91",
                "sha256:b7ebd36128a2fe93991293f997e44be9286503c7530ace6a55b938b20be288d8",
                "sha256:c4c78e2c71c257c136cdd43869fd3d5e34fc2162dc22e4a5406b0ebe86958239",
                "sha256:c6a842537f887be1fe115d8abb5daa9bc8cc124e455ff995830cc785624a97af",
                "sha256:cf0a2e040fdf5a6d95f4c286c6ef1df6b36c218b528c8a9158ec2452a804b9b8",
                "sha256:cfd28aad6fc61f7a5d4ee556a997dc6e5555d9381d1390c00ecaf984d57e4232",
                "sha256:dca5660e25932771460d4688ccbb515677caaf8595f3f3240ec16c117deff89a",
                "sha256:de7aedc85918c2f887886442e50f52c1b93545606317956d65f342bd81cb4fc3",
                "sha256:e6c0bbf8e277b74196e3140c35f9a1ae3eafd818f7f2d3a15819c49135d6c062"
            ],
            "version": "==6.0.0"
        },
        "prettytable": {
            "hashes": [
                "sha256:2d5460dc9db74a32bcc8f9f67de68b2c4f4d2f01fa3bd518764c69156d9cacd9",
                "sha256:853c116513625c738dc3ce1aee148b5b5757a86727e67eff6502c7ca59d43c36",
                "sha256:a53da3b43d7a5c229b5e3ca2892ef982c46b7923b51e98f0db49956531211c4f"
            ],
            "version": "==0.7.2"
        },
        "pyasn1": {
            "hashes": [
                "sha256:0439b9bd518418260c2641a571f0e07fce4370cab13b68f19b5e023306c03cad",
                "sha256:738c4ebd88a718e700ee35c8d129acce2286542daa80a82823a7073644f706ad"
            ],
            "index": "pypi.tuna",
            "version": "==0.2.3"
        },
        "pyasn1-modules": {
            "hashes": [
                "sha256:9d5008b0c3dc5685aac7977951e7fb222736d5fd817c810fa0cfb08c5fd71630",
                "sha256:be0e4157e4a53551279d6c6e366b080527f5fd068616835b4abf32c14f657f5f"
            ],
            "index": "pypi.tuna",
            "version": "==0.0.9"
        },
        "pycparser": {
            "hashes": [
                "sha256:0aac31e917c24cb3357f5a4d5566f2cc91a19ca41862f6c3c22dc60a629673b6"
            ],
            "index": "pypi.tuna",
            "version": "==2.17"
        },
        "pydispatcher": {
            "hashes": [
                "sha256:5570069e1b1769af1fe481de6dd1d3a388492acddd2cdad7a3bde145615d5caf",
                "sha256:5be4a8be12805ef7d712dd9a93284fb8bc53f309867e573f653a72e5fd10e433"
            ],
            "index": "pypi.tuna",
            "version": "==2.0.5"
        },
        "pyecharts": {
            "hashes": [
                "sha256:7cda4f19948f506d7402655cd75665e6185f845e2474b078d5cf0fe6e2a000e4"
            ],
            "index": "pypi.tuna",
            "version": "==1.1.0"
        },
        "pyecharts-snapshot": {
            "hashes": [
                "sha256:4c04d49d9910489eb8c62d4e5d61c00adf871c939fbdfb778242c1e4e78852a6",
                "sha256:4d03a1eb27b0a7176c1f4468d2d2811de0023ea462b8de517ecef4c1db116fe6"
            ],
            "index": "pypi.tuna",
            "version": "==0.2.0"
        },
        "pyee": {
            "hashes": [
                "sha256:a9c9b60e8693a260dd942ef5a71358cfcbba15792d5e72caf0e3c891c4e91c3b",
                "sha256:dbe44f61c40a995d2bdfd83d9fcb87ae025882d2c7f366513325e3daa09d7ede"
            ],
            "version": "==6.0.0"
        },
        "pyhamcrest": {
            "hashes": [
                "sha256:6b672c02fdf7470df9674ab82263841ce8333fb143f32f021f6cb26f0e512420",
                "sha256:8ffaa0a53da57e89de14ced7185ac746227a8894dbd5a3c718bf05ddbd1d56cd"
            ],
            "version": "==1.9.0"
        },
        "pymongo": {
            "hashes": [
                "sha256:07105b57bb185db0631076e1d2bf005c442270d098e491ccfb4a98efa3f2c9cc",
                "sha256:13502d4e46905934c5b66331710bda1bee392bb6be024f77b0e37df59ff1e887",
                "sha256:2d099d66912983d2099c816c12d72adc15a703c3655af53eadefb5f2e39648fc",
                "sha256:31dd07b2bfeb083fb0c24da3b1fd1c807ddc30c3fc23e40c5624932a694d211d",
                "sha256:3223bbe13b723f9e5ede7d69535b6aee795ac802dfd881d6e2f29dce3432f5b0",
                "sha256:3c9c23d589d6fd5736fe4779377356c6e77826a5d56b25d8d90b372f682fe101",
                "sha256:5398ae1a5d7f0dd0cc4f28246f14abac7f5082c9d6fd0fa28f32881cd6d696ee",
                "sha256:5a3729466eb9d834b4e5f24a9a39108800b66b0a703da8f52eb69ff0583744c3",
                "sha256:5c41bd8be1643e7c99412f1d7cd061d1436288307ac398378c4ef6b868bf2798",
                "sha256:5ffffa7c4d595138e86a9c499ddb962edcbdcd80a3138a7b81a36947f1b815e6",
                "sha256:6cc73df41330be908c962dafceb1cd8d7155ccb3899c3708d0cf11ae31e7610b",
                "sha256:775443cebf95614165c5c9bb96fd0ceba8f8199379a843ecd5c71934bf897d83",
                "sha256:835a881111f2c403cfa9aa0a591257414e821efc89be607a8065c3fc23cf013a",
                "sha256:86beb4be0ffca122026637fe09edb69b6bb81c579c266fc5b671f2a4591bf4a6",
                "sha256:8e0b5366f08875e6dfd4acf587c49eb813e8149106701f40dcca3ccfb14c1f5d",
                "sha256:8ee9ba58e15a5f73adf0408364ad91f076a8690419e3268a5abbc4f901e45fa9",
                "sha256:9568d2b3f2e0bbfb5206a381203145f4055394b893ff4e074f6ea0480deee9c1",
                "sha256:97b989555b286dd8733cd44f3e6c3adc6a6d082a8b8b24c200ca943fe8b41d99",
                "sha256:9b7ae4ff7517960d311f577319ddac3c9fcf91fdf7c024a764e30b1578c0a9a5",
                "sha256:9fcf265d83d84d9b82f8537843bde02e4553321d53b06fe00767b9ebb76f63fd",
                "sha256:a0a21767c782afedf55d1261d92b95aa70428ee70ea8dde4bc746d51ac9b5e0e",
                "sha256:a273fa0dc2ddeaa525e73bbee7b980eb39ee016c7bee54661bb2f7d441b54692",
                "sha256:af82605e4d052c9d4aa2aff473eea0c8a10afdf2a1098f23793298e9072724e6",
                "sha256:b37369901832ef5a66e236c031ba75a1de27e9316c4d5b8157e236b513f1f50c",
                "sha256:c59d1e9a7590f79afc18f6445a38233231de7321b95bf5a50f0caa82af5db19f",
                "sha256:c80d29b576779d8fa715fa2cacce496712ca4928e14db99c08577eb9463ef24e",
                "sha256:d359349c6c9ff9f482805f89e66e476846317dc7b1eea979d7da9c0857ee2721",
                "sha256:d35d430c02149a1be51e04232e4c3430b56e093a7f8537bc062dfbc1d16c59ba",
                "sha256:deb09ff6837e7d701e5896422bf6f3934092ead977fd68616dccab5aa43ba089",
                "sha256:e10e103c5631958e0f29c560bd446e4332948a364912227bc30f421ed1d6ab99",
                "sha256:ed4120c40a17d1b9e1620b2b64a748333882fe7ab8d117bcb55768f6fd3343b1",
                "sha256:f6bed3a53bdaba9b5cdcd7e83749b1c91918736643e90593751abb3df7144b8c"
            ],
            "index": "pypi.tuna",
            "version": "==3.4.0"
        },
        "pymysql": {
            "hashes": [
                "sha256:3943fbbbc1e902f41daf7f9165519f140c4451c179380677e6a848587042561a",
                "sha256:d8c059dcd81dedb85a9f034d5e22dcb4442c0b201908bede99e306d65ea7c8e7"
            ],
            "index": "pypi.tuna",
            "version": "==0.9.3"
        },
        "pyopenssl": {
            "hashes": [
                "sha256:0f78204fc2e128dd65ceca25b9f41cb0132e7cf690600f0ef43eddd023d7ec72",
                "sha256:48abfe9d2bb8eb8d8947c8452b0223b7b1be2383b332f3b4f248fe59ef0bafdd"
            ],
            "index": "pypi.tuna",
            "version": "==17.0.0"
        },
        "pyppeteer": {
            "hashes": [
                "sha256:51fe769b722a1718043b74d12c20420f29e0dd9eeea2b66652b7f93a9ad465dd"
            ],
            "version": "==0.0.25"
        },
        "queuelib": {
            "hashes": [
                "sha256:a6829918157ed433fafa87b0bb1e93e3e63c885270166db5884a02c34c86f914",
                "sha256:c97f2120e070e2b8a5e8a60afe10bd7b3ae70c0994d6bb9c4d802b0448241339"
            ],
            "index": "pypi.tuna",
            "version": "==1.4.2"
        },
        "redis": {
            "hashes": [
                "sha256:5dfbae6acfc54edf0a7a415b99e0b21c0a3c27a7f787b292eea727b1facc5533",
                "sha256:97156b37d7cda4e7d8658be1148c983984e1a975090ba458cc7e244025191dbd"
            ],
            "index": "pypi.tuna",
            "version": "==2.10.5"
        },
        "requests": {
            "hashes": [
                "sha256:11e007a8a2aa0323f5a921e9e6a2d7e4e67d9877e85773fba9ba6419025cbeb4",
                "sha256:9cf5292fcd0f598c671cfc1e0d7d1a7f13bb8085e9a590f48c010551dc6c4b31"
            ],
            "index": "pypi.tuna",
            "version": "==2.22.0"
        },
        "scrapy": {
            "hashes": [
                "sha256:04a08f027eef5d271342a016439533c81ba46f14bfcf230fecf602e99beaf233",
                "sha256:8f14888a86cc94d51ec8cdfdbd8c8a76c8bea7d6244bc4e4cc89c1958c58ed5d"
            ],
            "index": "pypi.tuna",
            "version": "==1.4.0"
        },
        "scrapy-fake-useragent": {
            "hashes": [
                "sha256:4898772a7c5e6f7c58269c895ade39aab87038d2efea73fbe15a4aab1335f0b6",
                "sha256:cf004a651545585f2f05f0bd66cfe8c9df35778babf53bdfd856092d8b3b4068"
            ],
            "index": "pypi.tuna",
            "version": "==1.1.0"
        },
        "scrapy-proxies": {
            "hashes": [
                "sha256:8dbac81b58eda33877b7fc080b5a4d01795219d283a20726ef892bd8ccd4cf18"
            ],
            "index": "pypi.tuna",
            "version": "==0.3"
        },
        "scrapy-redis": {
            "hashes": [
                "sha256:1508dfb29141a7eb562e303a12d2733fd490dee866f7fabe3bee3e5c5bef6df8",
                "sha256:b6991f2c0b2a72cd211296756acd03b9a7695fc437f5adbc3770d2e035979707"
            ],
            "index": "pypi.tuna",
            "version": "==0.6.8"
        },
        "service-identity": {
            "hashes": [
                "sha256:0e76f3c042cc0f5c7e6da002cf646f59dc4023962d1d1166343ce53bdad39e17",
                "sha256:4001fbb3da19e0df22c47a06d29681a398473af4aa9d745eca525b3b2c2302ab"
            ],
            "index": "pypi.tuna",
            "version": "==17.0.0"
        },
        "six": {
            "hashes": [
                "sha256:0ff78c403d9bccf5a425a6d31a12aa6b47f1c21ca4dc2573a7e2f32a97335eb1",
                "sha256:105f8d68616f8248e24bf0e9372ef04d3cc10104f1980f54d57b2ce73a5ad56a"
            ],
            "index": "pypi.tuna",
            "version": "==1.10.0"
        },
        "tqdm": {
            "hashes": [
                "sha256:0a860bf2683fdbb4812fe539a6c22ea3f1777843ea985cb8c3807db448a0f7ab",
                "sha256:e288416eecd4df19d12407d0c913cbf77aa8009d7fddb18f632aded3bdbdda6b"
            ],
            "version": "==4.32.1"
        },
        "twisted": {
            "hashes": [
                "sha256:1708e1928ae84ec9d3ebab0d427e20e1e38ff721b15bbced476d047d4a43abbe",
                "sha256:3716eca1c80ef88729a85e9a70f09acce8df2adf7c58590d54c94f383945bc47"
            ],
            "index": "pypi.tuna",
            "version": "==19.2.0"
        },
        "urllib3": {
            "hashes": [
                "sha256:a53063d8b9210a7bdec15e7b272776b9d42b2fd6816401a0d43006ad2f9902db",
                "sha256:d363e3607d8de0c220d31950a8f38b18d5ba7c0830facd71a1c6b1036b7ce06c"
            ],
            "version": "==1.25.2"
        },
        "w3lib": {
            "hashes": [
                "sha256:562373c5f7aab03e742ddcca5a5eb37ebd324a9f5403b2eccf610c211fad1eac",
                "sha256:d8c654827fcf92ba4d7111f8588d2eff8653c5580c27ca61b1bc7805c080506f"
            ],
            "index": "pypi.tuna",
            "version": "==1.17.0"
        },
        "websockets": {
            "hashes": [
                "sha256:04b42a1b57096ffa5627d6a78ea1ff7fad3bc2c0331ffc17bc32a4024da7fea0",
                "sha256:08e3c3e0535befa4f0c4443824496c03ecc25062debbcf895874f8a0b4c97c9f",
                "sha256:10d89d4326045bf5e15e83e9867c85d686b612822e4d8f149cf4840aab5f46e0",
                "sha256:232fac8a1978fc1dead4b1c2fa27c7756750fb393eb4ac52f6bc87ba7242b2fa",
                "sha256:4bf4c8097440eff22bc78ec76fe2a865a6e658b6977a504679aaf08f02c121da",
                "sha256:51642ea3a00772d1e48fb0c492f0d3ae3b6474f34d20eca005a83f8c9c06c561",
                "sha256:55d86102282a636e195dad68aaaf85b81d0bef449d7e2ef2ff79ac450bb25d53",
                "sha256:564d2675682bd497b59907d2205031acbf7d3fadf8c763b689b9ede20300b215",
                "sha256:5d13bf5197a92149dc0badcc2b699267ff65a867029f465accfca8abab95f412",
                "sha256:5eda665f6789edb9b57b57a159b9c55482cbe5b046d7db458948370554b16439",
                "sha256:5edb2524d4032be4564c65dc4f9d01e79fe8fad5f966e5b552f4e5164fef0885",
                "sha256:79691794288bc51e2a3b8de2bc0272ca8355d0b8503077ea57c0716e840ebaef",
                "sha256:7fcc8681e9981b9b511cdee7c580d5b005f3bb86b65bde2188e04a29f1d63317",
                "sha256:8e447e05ec88b1b408a4c9cde85aa6f4b04f06aa874b9f0b8e8319faf51b1fee",
                "sha256:90ea6b3e7787620bb295a4ae050d2811c807d65b1486749414f78cfd6fb61489",
                "sha256:9e13239952694b8b831088431d15f771beace10edfcf9ef230cefea14f18508f",
                "sha256:d40f081187f7b54d7a99d8a5c782eaa4edc335a057aa54c85059272ed826dc09",
                "sha256:e1df1a58ed2468c7b7ce9a2f9752a32ad08eac2bcd56318625c3647c2cd2da6f",
                "sha256:e98d0cec437097f09c7834a11c69d79fe6241729b23f656cfc227e93294fc242",
                "sha256:f8d59627702d2ff27cb495ca1abdea8bd8d581de425c56e93bff6517134e0a9b",
                "sha256:fc30cdf2e949a2225b012a7911d1d031df3d23e99b7eda7dfc982dc4a860dae9"
            ],
            "version": "==7.0"
        },
        "zope.interface": {
            "hashes": [
                "sha256:0b84b11b828770f9d711be99d037bb076ed0291a343fd910b683a9bd7866e0f2",
                "sha256:0d1e1f3a816b5b4774c0a7cf46adf399d298f44c4de71ecab6ea83b9b71b9bc7",
                "sha256:0e9fa25e4786d02e88a17f0b1152ab3e901ab47a44b05a6c711e253836d4698c",
                "sha256:0effab9d51933e35ccd01f4c8c6d72f8040df78deacb2ec9176a7519722ce9ba",
                "sha256:13119a6ab5cd1d9b28b85ac9c7e1dadd4e0b743016a5b77a374ce51b3d26f339",
                "sha256:17873e481cd2dce1db4fc15bbcb59400c100771354bddad8302fadb7dd2a0f0e",
                "sha256:21c506b586ab17e7d353e5597683112285b0889330c9bd4f374e4f8b387d3348",
                "sha256:2bcd66cc16dccf8b1cca37abe8ce947d38b54f78c244fd45102fc00997c7446a",
                "sha256:3c87138213b2a3896adcbf4fcc3dd916c68cef405cadcb9327d0f08949e10194",
                "sha256:40026b28cbf065ae54dcfdb1f95f14d6d07c4f38a4293a3bb663f2bee620fd4e",
                "sha256:4e59e427200201f69ef82956ddf9e527891becf5b7cde8ec3ce39e1d0e262eb0",
                "sha256:5c14d72a86df23bc473efa8567a2f04fc94d1ba84a8ba651e3a9991e8b20a15a",
                "sha256:5e0c85069a508835b192d5fd304aef4a7b23a325f2cd58e8953ae1c1eb1a8570",
                "sha256:6c9e61ac24ed84d9c6a20155d979bd08f278c76450d7ab65a107057780457aac",
                "sha256:74eba4f1d2100424d51956103836d7c07bc8e5bf17fcf34a59b784e1fcedeaf2",
                "sha256:74f2a8c466124f852cb78bbb6bf8306340af1885e77870abc5418cbfeb54fece",
                "sha256:7cc6f03a905094983f92cd6a97244de05e9293f7b09e110ce4c7c81de8a26a3a",
                "sha256:8aa8f86fb2c7a7cab830fc871a2bd19af18dabb0e940ec9adb658136eb12ebae",
                "sha256:8adee390aaeeae7d5858f023e552bdb631ff4f129900ea1e8bb62c3722af12f5",
                "sha256:9a567f17f3f41e955bc87cfa39cbd5713ba3077dfd8a06a360605ec45407e357",
                "sha256:aeeff785ba7cd5cad4b2cfd2930bf5c2431e0fdfdf7ffc0b3af44827f1007611",
                "sha256:b2467ebf96561f022265cf0e1920d19ab1178deb3f0bb9fbd81bd90e995251c1",
                "sha256:c55003bf2ab1046dbc0e79a4a9ac7af2f5800ed6ec4cb8e35fc3c99a21f380a8",
                "sha256:dac9c7d45f8ab94f6f1a0dd167398a633924c85238cc8d76a6a04e6eac04def7",
                "sha256:f7cbfd9698c16cb2ed164e7b9e4b3a24217e51fccfd95c3fd3dcca9bc1e7c9e9",
                "sha256:fae7b143aea7248cbbed9ed3977e8198fa82805d1643556b03d23df28ffdf99b",
                "sha256:fbe4140cc7743c541c302a0bf31dca432b0c0a914053809a9338237d54c3b6ca",
                "sha256:fd56bbded257c0da54e98dce7a030e76cc018b8c3eaeb8ce8f35487fb1c859e3"
            ],
            "index": "pypi.tuna",
            "version": "==4.4.2"
        }
    },
    "develop": {}
}
